{
  "version": 4,
  "terraform_version": "1.14.0",
  "serial": 4,
  "lineage": "b846cb8c-58ff-66c0-69c9-e11cd9d9ea27",
  "outputs": {
    "instance_id": {
      "value": "i-01a4fe56d09fe4ecf",
      "type": "string"
    },
    "instance_public_ip": {
      "value": "100.31.135.171",
      "type": "string"
    }
  },
  "resources": [
    {
      "mode": "managed",
      "type": "aws_instance",
      "name": "web",
      "provider": "provider[\"registry.terraform.io/hashicorp/aws\"]",
      "instances": [
        {
          "schema_version": 2,
          "attributes": {
            "ami": "ami-0ecb62995f68bb549",
            "arn": "arn:aws:ec2:us-east-1:963957629249:instance/i-01a4fe56d09fe4ecf",
            "associate_public_ip_address": true,
            "availability_zone": "us-east-1f",
            "capacity_reservation_specification": [
              {
                "capacity_reservation_preference": "open",
                "capacity_reservation_target": []
              }
            ],
            "cpu_options": [
              {
                "amd_sev_snp": "",
                "core_count": 1,
                "threads_per_core": 2
              }
            ],
            "credit_specification": [
              {
                "cpu_credits": "unlimited"
              }
            ],
            "disable_api_stop": false,
            "disable_api_termination": false,
            "ebs_block_device": [],
            "ebs_optimized": false,
            "enable_primary_ipv6": null,
            "enclave_options": [
              {
                "enabled": false
              }
            ],
            "ephemeral_block_device": [],
            "force_destroy": false,
            "get_password_data": false,
            "hibernation": false,
            "host_id": "",
            "host_resource_group_arn": null,
            "iam_instance_profile": "",
            "id": "i-01a4fe56d09fe4ecf",
            "instance_initiated_shutdown_behavior": "stop",
            "instance_lifecycle": "",
            "instance_market_options": [],
            "instance_state": "running",
            "instance_type": "t3.micro",
            "ipv6_address_count": 0,
            "ipv6_addresses": [],
            "key_name": "final-endsem-key",
            "launch_template": [],
            "maintenance_options": [
              {
                "auto_recovery": "default"
              }
            ],
            "metadata_options": [
              {
                "http_endpoint": "enabled",
                "http_protocol_ipv6": "disabled",
                "http_put_response_hop_limit": 2,
                "http_tokens": "required",
                "instance_metadata_tags": "disabled"
              }
            ],
            "monitoring": false,
            "network_interface": [],
            "outpost_arn": "",
            "password_data": "",
            "placement_group": "",
            "placement_group_id": "",
            "placement_partition_number": 0,
            "primary_network_interface": [
              {
                "delete_on_termination": true,
                "network_interface_id": "eni-07399fcf070604041"
              }
            ],
            "primary_network_interface_id": "eni-07399fcf070604041",
            "private_dns": "ip-172-31-69-244.ec2.internal",
            "private_dns_name_options": [
              {
                "enable_resource_name_dns_a_record": false,
                "enable_resource_name_dns_aaaa_record": false,
                "hostname_type": "ip-name"
              }
            ],
            "private_ip": "172.31.69.244",
            "public_dns": "ec2-100-31-135-171.compute-1.amazonaws.com",
            "public_ip": "100.31.135.171",
            "region": "us-east-1",
            "root_block_device": [
              {
                "delete_on_termination": true,
                "device_name": "/dev/sda1",
                "encrypted": false,
                "iops": 3000,
                "kms_key_id": "",
                "tags": {},
                "tags_all": {},
                "throughput": 125,
                "volume_id": "vol-09077b79c7eeaba0c",
                "volume_size": 8,
                "volume_type": "gp3"
              }
            ],
            "secondary_private_ips": [],
            "security_groups": [
              "final-endsem-web-sg"
            ],
            "source_dest_check": true,
            "spot_instance_request_id": "",
            "subnet_id": "subnet-02d2fa9b742eba578",
            "tags": {
              "Name": "final-endsem-web"
            },
            "tags_all": {
              "Name": "final-endsem-web"
            },
            "tenancy": "default",
            "timeouts": null,
            "user_data": null,
            "user_data_base64": null,
            "user_data_replace_on_change": false,
            "volume_tags": null,
            "vpc_security_group_ids": [
              "sg-077c3223ebbdc3292"
            ]
          },
          "sensitive_attributes": [],
          "identity_schema_version": 0,
          "identity": {
            "account_id": "963957629249",
            "id": "i-01a4fe56d09fe4ecf",
            "region": "us-east-1"
          },
          "private": "eyJlMmJmYjczMC1lY2FhLTExZTYtOGY4OC0zNDM2M2JjN2M0YzAiOnsiY3JlYXRlIjo2MDAwMDAwMDAwMDAsImRlbGV0ZSI6MTIwMDAwMDAwMDAwMCwicmVhZCI6OTAwMDAwMDAwMDAwLCJ1cGRhdGUiOjYwMDAwMDAwMDAwMH0sInNjaGVtYV92ZXJzaW9uIjoiMiJ9",
          "dependencies": [
            "aws_key_pair.final_key",
            "aws_security_group.web_sg"
          ]
        }
      ]
    },
    {
      "mode": "managed",
      "type": "aws_key_pair",
      "name": "final_key",
      "provider": "provider[\"registry.terraform.io/hashicorp/aws\"]",
      "instances": [
        {
          "schema_version": 1,
          "attributes": {
            "arn": "arn:aws:ec2:us-east-1:963957629249:key-pair/final-endsem-key",
            "fingerprint": "2e:6f:c2:bc:92:f7:36:24:38:02:e0:f7:3d:d9:18:62",
            "id": "final-endsem-key",
            "key_name": "final-endsem-key",
            "key_name_prefix": "",
            "key_pair_id": "key-07aea43981fd5058b",
            "key_type": "rsa",
            "public_key": "ssh-rsa AAAAB3NzaC1yc2EAAAADAQABAAACAQCvwMmYGs+xzRSnkZe3HpVxqLyNR2XqKC8QNXoT+FoVTSKw8daL4SvXZFXdq3q+8JejwWC37uhg1TNtJ1p/Znd6miW4vZT3Y1K9Cv+RXl0fDgYAxLiW9AkpBFlf9SdX7Qe/VCpMJJsn7AOjiime/ElODqfUhOLpRCn8jLr0sflWH3fvXpb0ap2vw2KqKGLCxQYggKN7ua3cxhbfsKIRqWO71OTuJAsyoINpUwrDD43WkWxrp2Nel4X8PA6MqX7Fx77fngWVxCL6NIdLK9Z8MW+vvKZ4hzB4TdWOtmy2GoRAB0AMNM/WMwxydADqQ796riEkk8O6caiXiQJZJ7kY1eszfqpuz/TW/JMnv2X2ABTJ6aXE/oQgqyYzh/VZgIiGaB+4nMbjlAoKr55s5TYLZhI64+O64C9I6Hsv276NKX6MGtYNB8QIVfoZSgJM2psdowuIvhsId/1GHGBosTj81pFO1NLS9jqr4bHnLBohOyIe7+VZGiTZoPGnsk7GikGiWsRA1tGGuH9+4yC7zFXvg1eOw8nyLVpOZP7d5/ZQXo1rmISzinMQa0KZeLtwtCmbrKKv7m+33EbRLDKHg6P0k5Lu0hnQpHNqBKqIjP/bpLgNxnQtrIV3pwMAJskgPyz6Q5K4wfnA+T53gvSWOk1YWrKZIw8lW+i/F1a5GjcO/XdInw== rohitingle@Rohits-MacBook-Air.local",
            "region": "us-east-1",
            "tags": null,
            "tags_all": {}
          },
          "sensitive_attributes": [],
          "identity_schema_version": 0,
          "private": "eyJzY2hlbWFfdmVyc2lvbiI6IjEifQ=="
        }
      ]
    },
    {
      "mode": "managed",
      "type": "aws_security_group",
      "name": "web_sg",
      "provider": "provider[\"registry.terraform.io/hashicorp/aws\"]",
      "instances": [
        {
          "schema_version": 1,
          "attributes": {
            "arn": "arn:aws:ec2:us-east-1:963957629249:security-group/sg-077c3223ebbdc3292",
            "description": "Allow SSH and HTTP",
            "egress": [
              {
                "cidr_blocks": [
                  "0.0.0.0/0"
                ],
                "description": "",
                "from_port": 0,
                "ipv6_cidr_blocks": [],
                "prefix_list_ids": [],
                "protocol": "-1",
                "security_groups": [],
                "self": false,
                "to_port": 0
              }
            ],
            "id": "sg-077c3223ebbdc3292",
            "ingress": [
              {
                "cidr_blocks": [
                  "0.0.0.0/0"
                ],
                "description": "",
                "from_port": 22,
                "ipv6_cidr_blocks": [],
                "prefix_list_ids": [],
                "protocol": "tcp",
                "security_groups": [],
                "self": false,
                "to_port": 22
              },
              {
                "cidr_blocks": [
                  "0.0.0.0/0"
                ],
                "description": "",
                "from_port": 80,
                "ipv6_cidr_blocks": [],
                "prefix_list_ids": [],
                "protocol": "tcp",
                "security_groups": [],
                "self": false,
                "to_port": 80
              }
            ],
            "name": "final-endsem-web-sg",
            "name_prefix": "",
            "owner_id": "963957629249",
            "region": "us-east-1",
            "revoke_rules_on_delete": false,
            "tags": null,
            "tags_all": {},
            "timeouts": null,
            "vpc_id": "vpc-0d891779f2001019c"
          },
          "sensitive_attributes": [],
          "identity_schema_version": 0,
          "identity": {
            "account_id": "963957629249",
            "id": "sg-077c3223ebbdc3292",
            "region": "us-east-1"
          },
          "private": "eyJlMmJmYjczMC1lY2FhLTExZTYtOGY4OC0zNDM2M2JjN2M0YzAiOnsiY3JlYXRlIjo2MDAwMDAwMDAwMDAsImRlbGV0ZSI6OTAwMDAwMDAwMDAwfSwic2NoZW1hX3ZlcnNpb24iOiIxIn0="
        }
      ]
    }
  ],
  "check_results": null
}
